
Microsoft Visual Studio Solution File, Format Version 12.00
# Visual Studio 15
VisualStudioVersion = 15.0.28307.271
MinimumVisualStudioVersion = 10.0.40219.1
Project("{9A19103F-16F7-4668-BE54-9A1E7A4F7556}") = "WebApi", "WebApi\WebApi.csproj", "{ACB28482-22DF-421E-A30A-646D88500E61}"
EndProject
Project("{FAE04EC0-301F-11D3-BF4B-00C04F79EFBC}") = "WebApi2", "WebApi2\WebApi2.csproj", "{B649E8BC-1301-4340-9BE0-B7200D5A9442}"
EndProject
Global
	GlobalSection(SolutionConfigurationPlatforms) = preSolution
		Debug|Any CPU = Debug|Any CPU
		Release|Any CPU = Release|Any CPU
	EndGlobalSection
	GlobalSection(ProjectConfigurationPlatforms) = postSolution
		{ACB28482-22DF-421E-A30A-646D88500E61}.Debug|Any CPU.ActiveCfg = Debug|Any CPU
		{ACB28482-22DF-421E-A30A-646D88500E61}.Debug|Any CPU.Build.0 = Debug|Any CPU
		{ACB28482-22DF-421E-A30A-646D88500E61}.Release|Any CPU.ActiveCfg = Release|Any CPU
		{ACB28482-22DF-421E-A30A-646D88500E61}.Release|Any CPU.Build.0 = Release|Any CPU
		{B649E8BC-1301-4340-9BE0-B7200D5A9442}.Debug|Any CPU.ActiveCfg = Debug|Any CPU
		{B649E8BC-1301-4340-9BE0-B7200D5A9442}.Debug|Any CPU.Build.0 = Debug|Any CPU
		{B649E8BC-1301-4340-9BE0-B7200D5A9442}.Release|Any CPU.ActiveCfg = Release|Any CPU
		{B649E8BC-1301-4340-9BE0-B7200D5A9442}.Release|Any CPU.Build.0 = Release|Any CPU
	EndGlobalSection
	GlobalSection(SolutionProperties) = preSolution
		HideSolutionNode = FALSE
	EndGlobalSection
	GlobalSection(ExtensibilityGlobals) = postSolution
		SolutionGuid = {5A2D80A5-DA64-4FEF-82DB-CF5B20E5CB28}
	EndGlobalSection
EndGlobal
